# THIS IS AN AUTOGENERATED FILE. DO NOT EDIT THIS FILE DIRECTLY.
# yarn lockfile v1
# bun ./bun.lockb --hash: 87D9C9CA8BF22CA6-f52f0b3f821c819d-FCC0A98CD16040FC-ccec6b94dde9d03f


bun-types@^0.5.0:
  version "0.5.7"
  resolved "https://registry.npmjs.org/bun-types/-/bun-types-0.5.7.tgz"
  integrity sha512-79ualR6PIZYTbALgsUxZXlAhkz0M7h7QMsXWn/eX+VOOCX3bPA9y0Pywu4MUEWOK8cK/JhnAODMqZfhCb911nw==

prettier-plugin-organize-imports@:
  version "3.2.2"
  resolved "https://registry.npmjs.org/prettier-plugin-organize-imports/-/prettier-plugin-organize-imports-3.2.2.tgz"
  integrity sha512-e97lE6odGSiHonHJMTYC0q0iLXQyw0u5z/PJpvP/3vRy6/Zi9kLBwFAbEGjDzIowpjQv8b+J04PDamoUSQbzGA==
